
Microsoft Visual Studio Solution File, Format Version 12.00
# Visual Studio Version 17
VisualStudioVersion = 17.9.34723.18
MinimumVisualStudioVersion = 10.0.40219.1
Project("{8BC9CEB8-8B4A-11D0-8D11-00A0C91BC942}") = "PacketSniffer", "PacketSniffer\PacketSniffer.vcxproj", "{028418BB-0E21-4C4A-9358-30F99A91CBDF}"
EndProject
Global
	GlobalSection(SolutionConfigurationPlatforms) = preSolution
		Debug|x64 = Debug|x64
		Debug|x86 = Debug|x86
		Release|x64 = Release|x64
		Release|x86 = Release|x86
	EndGlobalSection
	GlobalSection(ProjectConfigurationPlatforms) = postSolution
		{028418BB-0E21-4C4A-9358-30F99A91CBDF}.Debug|x64.ActiveCfg = Debug|x64
		{028418BB-0E21-4C4A-9358-30F99A91CBDF}.Debug|x64.Build.0 = Debug|x64
		{028418BB-0E21-4C4A-9358-30F99A91CBDF}.Debug|x86.ActiveCfg = Debug|Win32
		{028418BB-0E21-4C4A-9358-30F99A91CBDF}.Debug|x86.Build.0 = Debug|Win32
		{028418BB-0E21-4C4A-9358-30F99A91CBDF}.Release|x64.ActiveCfg = Release|x64
		{028418BB-0E21-4C4A-9358-30F99A91CBDF}.Release|x64.Build.0 = Release|x64
		{028418BB-0E21-4C4A-9358-30F99A91CBDF}.Release|x86.ActiveCfg = Release|Win32
		{028418BB-0E21-4C4A-9358-30F99A91CBDF}.Release|x86.Build.0 = Release|Win32
	EndGlobalSection
	GlobalSection(SolutionProperties) = preSolution
		HideSolutionNode = FALSE
	EndGlobalSection
	GlobalSection(ExtensibilityGlobals) = postSolution
		SolutionGuid = {E98B846F-4F1B-477E-A770-DDAAE6B1E5A7}
	EndGlobalSection
EndGlobal
